
Microsoft Visual Studio Solution File, Format Version 11.00
# Visual Studio 2010
Project("{E24C65DC-7377-472B-9ABA-BC803B73C61A}") = "dppf", "..\..\WebSites\dppf\", "{7A777424-48E1-4894-9B85-063B0A6458CC}"
	ProjectSection(WebsiteProperties) = preProject
		TargetFrameworkMoniker = ".NETFramework,Version%3Dv4.0"
		Debug.AspNetCompiler.VirtualPath = "/dppf"
		Debug.AspNetCompiler.PhysicalPath = "..\..\WebSites\dppf\"
		Debug.AspNetCompiler.TargetPath = "PrecompiledWeb\dppf\"
		Debug.AspNetCompiler.Updateable = "true"
		Debug.AspNetCompiler.ForceOverwrite = "true"
		Debug.AspNetCompiler.FixedNames = "false"
		Debug.AspNetCompiler.Debug = "True"
		Release.AspNetCompiler.VirtualPath = "/dppf"
		Release.AspNetCompiler.PhysicalPath = "..\..\WebSites\dppf\"
		Release.AspNetCompiler.TargetPath = "PrecompiledWeb\dppf\"
		Release.AspNetCompiler.Updateable = "true"
		Release.AspNetCompiler.ForceOverwrite = "true"
		Release.AspNetCompiler.FixedNames = "false"
		Release.AspNetCompiler.Debug = "False"
		VWDPort = "57179"
		DefaultWebSiteLanguage = "Visual C#"
	EndProjectSection
EndProject
Global
	GlobalSection(SolutionConfigurationPlatforms) = preSolution
		Debug|Any CPU = Debug|Any CPU
	EndGlobalSection
	GlobalSection(ProjectConfigurationPlatforms) = postSolution
		{7A777424-48E1-4894-9B85-063B0A6458CC}.Debug|Any CPU.ActiveCfg = Debug|Any CPU
		{7A777424-48E1-4894-9B85-063B0A6458CC}.Debug|Any CPU.Build.0 = Debug|Any CPU
	EndGlobalSection
	GlobalSection(SolutionProperties) = preSolution
		HideSolutionNode = FALSE
	EndGlobalSection
EndGlobal
